
Microsoft Visual Studio Solution File, Format Version 12.00
# Visual Studio Version 17
VisualStudioVersion = 17.2.32630.192
MinimumVisualStudioVersion = 10.0.40219.1
Project("{FAE04EC0-301F-11D3-BF4B-00C04F79EFBC}") = "PDFBattleBoard", "PDFBattleBoard\PDFBattleBoard.csproj", "{573D5AFD-B8E7-41E0-83FF-8C5C1523D770}"
EndProject
Global
	GlobalSection(SolutionConfigurationPlatforms) = preSolution
		Debug|Any CPU = Debug|Any CPU
		Release|Any CPU = Release|Any CPU
	EndGlobalSection
	GlobalSection(ProjectConfigurationPlatforms) = postSolution
		{573D5AFD-B8E7-41E0-83FF-8C5C1523D770}.Debug|Any CPU.ActiveCfg = Debug|Any CPU
		{573D5AFD-B8E7-41E0-83FF-8C5C1523D770}.Debug|Any CPU.Build.0 = Debug|Any CPU
		{573D5AFD-B8E7-41E0-83FF-8C5C1523D770}.Release|Any CPU.ActiveCfg = Release|Any CPU
		{573D5AFD-B8E7-41E0-83FF-8C5C1523D770}.Release|Any CPU.Build.0 = Release|Any CPU
	EndGlobalSection
	GlobalSection(SolutionProperties) = preSolution
		HideSolutionNode = FALSE
	EndGlobalSection
	GlobalSection(ExtensibilityGlobals) = postSolution
		SolutionGuid = {8F6DF222-12E3-4D30-BEC3-7A4E295AB7AB}
	EndGlobalSection
EndGlobal
